
Microsoft Visual Studio Solution File, Format Version 12.00
# Visual Studio Version 17
VisualStudioVersion = 17.5.33516.290
MinimumVisualStudioVersion = 10.0.40219.1
Project("{FAE04EC0-301F-11D3-BF4B-00C04F79EFBC}") = "BudgetTracker", "BudgetTracker\BudgetTracker.csproj", "{B4145875-6E7A-4E52-9DAE-799E3A48AC3D}"
EndProject
Global
	GlobalSection(SolutionConfigurationPlatforms) = preSolution
		Debug|Any CPU = Debug|Any CPU
		Release|Any CPU = Release|Any CPU
	EndGlobalSection
	GlobalSection(ProjectConfigurationPlatforms) = postSolution
		{B4145875-6E7A-4E52-9DAE-799E3A48AC3D}.Debug|Any CPU.ActiveCfg = Debug|Any CPU
		{B4145875-6E7A-4E52-9DAE-799E3A48AC3D}.Debug|Any CPU.Build.0 = Debug|Any CPU
		{B4145875-6E7A-4E52-9DAE-799E3A48AC3D}.Release|Any CPU.ActiveCfg = Release|Any CPU
		{B4145875-6E7A-4E52-9DAE-799E3A48AC3D}.Release|Any CPU.Build.0 = Release|Any CPU
	EndGlobalSection
	GlobalSection(SolutionProperties) = preSolution
		HideSolutionNode = FALSE
	EndGlobalSection
	GlobalSection(ExtensibilityGlobals) = postSolution
		SolutionGuid = {B0034836-D86C-4228-AA0F-3AFD28ED98FF}
	EndGlobalSection
EndGlobal
